
Microsoft Visual Studio Solution File, Format Version 12.00
# Visual Studio Version 17
VisualStudioVersion = 17.10.35027.167
MinimumVisualStudioVersion = 10.0.40219.1
Project("{FAE04EC0-301F-11D3-BF4B-00C04F79EFBC}") = "Zadacha 1", "Zadacha 1.csproj", "{60D0799E-D92C-4661-B15A-7358D5E1BA5A}"
EndProject
Global
	GlobalSection(SolutionConfigurationPlatforms) = preSolution
		Debug|Any CPU = Debug|Any CPU
		Release|Any CPU = Release|Any CPU
	EndGlobalSection
	GlobalSection(ProjectConfigurationPlatforms) = postSolution
		{60D0799E-D92C-4661-B15A-7358D5E1BA5A}.Debug|Any CPU.ActiveCfg = Debug|Any CPU
		{60D0799E-D92C-4661-B15A-7358D5E1BA5A}.Debug|Any CPU.Build.0 = Debug|Any CPU
		{60D0799E-D92C-4661-B15A-7358D5E1BA5A}.Release|Any CPU.ActiveCfg = Release|Any CPU
		{60D0799E-D92C-4661-B15A-7358D5E1BA5A}.Release|Any CPU.Build.0 = Release|Any CPU
	EndGlobalSection
	GlobalSection(SolutionProperties) = preSolution
		HideSolutionNode = FALSE
	EndGlobalSection
	GlobalSection(ExtensibilityGlobals) = postSolution
		SolutionGuid = {F472D7F3-8B70-4D5F-AAB8-E2D66B8D9917}
	EndGlobalSection
EndGlobal
