
Microsoft Visual Studio Solution File, Format Version 12.00
# Visual Studio Version 17
VisualStudioVersion = 17.10.35027.167
MinimumVisualStudioVersion = 10.0.40219.1
Project("{FAE04EC0-301F-11D3-BF4B-00C04F79EFBC}") = "Timer", "Timer.csproj", "{EBE10E53-EA40-4726-AC43-6962DB5E98BB}"
EndProject
Global
	GlobalSection(SolutionConfigurationPlatforms) = preSolution
		Debug|Any CPU = Debug|Any CPU
		Release|Any CPU = Release|Any CPU
	EndGlobalSection
	GlobalSection(ProjectConfigurationPlatforms) = postSolution
		{EBE10E53-EA40-4726-AC43-6962DB5E98BB}.Debug|Any CPU.ActiveCfg = Debug|Any CPU
		{EBE10E53-EA40-4726-AC43-6962DB5E98BB}.Debug|Any CPU.Build.0 = Debug|Any CPU
		{EBE10E53-EA40-4726-AC43-6962DB5E98BB}.Release|Any CPU.ActiveCfg = Release|Any CPU
		{EBE10E53-EA40-4726-AC43-6962DB5E98BB}.Release|Any CPU.Build.0 = Release|Any CPU
	EndGlobalSection
	GlobalSection(SolutionProperties) = preSolution
		HideSolutionNode = FALSE
	EndGlobalSection
	GlobalSection(ExtensibilityGlobals) = postSolution
		SolutionGuid = {A0B99984-EB71-4769-94BB-EED2B94A5D32}
	EndGlobalSection
EndGlobal
